Microsoft Visual Studio Solution File, Format Version 12.00
# Visual Studio Version 17
VisualStudioVersion = 17.5.2.0
MinimumVisualStudioVersion = 10.0.40219.1
Project("{FAE04EC0-301F-11D3-BF4B-00C04F79EFBC}") = "Doppelganger", "Doppelganger.csproj", "{CE1B92AD-7BF2-3BF0-266C-166B75682C9A}"
EndProject
Global
	GlobalSection(SolutionConfigurationPlatforms) = preSolution
		Debug|Any CPU = Debug|Any CPU
		Release|Any CPU = Release|Any CPU
	EndGlobalSection
	GlobalSection(ProjectConfigurationPlatforms) = postSolution
		{CE1B92AD-7BF2-3BF0-266C-166B75682C9A}.Debug|Any CPU.ActiveCfg = Debug|Any CPU
		{CE1B92AD-7BF2-3BF0-266C-166B75682C9A}.Debug|Any CPU.Build.0 = Debug|Any CPU
		{CE1B92AD-7BF2-3BF0-266C-166B75682C9A}.Release|Any CPU.ActiveCfg = Release|Any CPU
		{CE1B92AD-7BF2-3BF0-266C-166B75682C9A}.Release|Any CPU.Build.0 = Release|Any CPU
	EndGlobalSection
	GlobalSection(SolutionProperties) = preSolution
		HideSolutionNode = FALSE
	EndGlobalSection
	GlobalSection(ExtensibilityGlobals) = postSolution
		SolutionGuid = {13DD0AA8-246B-4124-95A7-ADD9D7898302}
	EndGlobalSection
EndGlobal
